
Microsoft Visual Studio Solution File, Format Version 12.00
# Visual Studio Version 16
VisualStudioVersion = 16.0.28917.181
MinimumVisualStudioVersion = 10.0.40219.1
Project("{FAE04EC0-301F-11D3-BF4B-00C04F79EFBC}") = "ConsoleApp4Exceptions", "ConsoleApp4Exceptions\ConsoleApp4Exceptions.csproj", "{56828A9E-311F-4B1F-AC49-E4640ABAF216}"
EndProject
Project("{FAE04EC0-301F-11D3-BF4B-00C04F79EFBC}") = "Models", "Models\Models.csproj", "{440E4AD5-62AC-4E67-8CAB-2FB321369493}"
EndProject
Global
	GlobalSection(SolutionConfigurationPlatforms) = preSolution
		Debug|Any CPU = Debug|Any CPU
		Release|Any CPU = Release|Any CPU
	EndGlobalSection
	GlobalSection(ProjectConfigurationPlatforms) = postSolution
		{56828A9E-311F-4B1F-AC49-E4640ABAF216}.Debug|Any CPU.ActiveCfg = Debug|Any CPU
		{56828A9E-311F-4B1F-AC49-E4640ABAF216}.Debug|Any CPU.Build.0 = Debug|Any CPU
		{56828A9E-311F-4B1F-AC49-E4640ABAF216}.Release|Any CPU.ActiveCfg = Release|Any CPU
		{56828A9E-311F-4B1F-AC49-E4640ABAF216}.Release|Any CPU.Build.0 = Release|Any CPU
		{440E4AD5-62AC-4E67-8CAB-2FB321369493}.Debug|Any CPU.ActiveCfg = Debug|Any CPU
		{440E4AD5-62AC-4E67-8CAB-2FB321369493}.Debug|Any CPU.Build.0 = Debug|Any CPU
		{440E4AD5-62AC-4E67-8CAB-2FB321369493}.Release|Any CPU.ActiveCfg = Release|Any CPU
		{440E4AD5-62AC-4E67-8CAB-2FB321369493}.Release|Any CPU.Build.0 = Release|Any CPU
	EndGlobalSection
	GlobalSection(SolutionProperties) = preSolution
		HideSolutionNode = FALSE
	EndGlobalSection
	GlobalSection(ExtensibilityGlobals) = postSolution
		SolutionGuid = {DF7CBB4D-D4F3-449A-AC85-02F2D5A13C64}
	EndGlobalSection
EndGlobal
